
Microsoft Visual Studio Solution File, Format Version 12.00
# Visual Studio Version 17
VisualStudioVersion = 17.4.33213.308
MinimumVisualStudioVersion = 10.0.40219.1
Project("{FAE04EC0-301F-11D3-BF4B-00C04F79EFBC}") = "Versta24.AspNet", "Versta24.AspNet\Versta24.AspNet.csproj", "{337B119E-5B11-47A7-943D-84CAC16C4D67}"
EndProject
Global
	GlobalSection(SolutionConfigurationPlatforms) = preSolution
		Debug|Any CPU = Debug|Any CPU
		Release|Any CPU = Release|Any CPU
	EndGlobalSection
	GlobalSection(ProjectConfigurationPlatforms) = postSolution
		{337B119E-5B11-47A7-943D-84CAC16C4D67}.Debug|Any CPU.ActiveCfg = Debug|Any CPU
		{337B119E-5B11-47A7-943D-84CAC16C4D67}.Debug|Any CPU.Build.0 = Debug|Any CPU
		{337B119E-5B11-47A7-943D-84CAC16C4D67}.Release|Any CPU.ActiveCfg = Release|Any CPU
		{337B119E-5B11-47A7-943D-84CAC16C4D67}.Release|Any CPU.Build.0 = Release|Any CPU
	EndGlobalSection
	GlobalSection(SolutionProperties) = preSolution
		HideSolutionNode = FALSE
	EndGlobalSection
	GlobalSection(ExtensibilityGlobals) = postSolution
		SolutionGuid = {8D2766D7-D342-4D31-923C-8942A75400BB}
	EndGlobalSection
EndGlobal
